// !$*UTF8*$!
{
	archiveVersion = 1;
	classes = {
	};
	objectVersion = 56;
	objects = {

/* Begin PBXBuildFile section */
		D849F08929F7CECC00E71BEF /* EventWorkshopSwifitUIApp.swift in Sources */ = {isa = PBXBuildFile; fileRef = D849F08829F7CECC00E71BEF /* EventWorkshopSwifitUIApp.swift */; };
		D849F08D29F7CECD00E71BEF /* Assets.xcassets in Resources */ = {isa = PBXBuildFile; fileRef = D849F08C29F7CECD00E71BEF /* Assets.xcassets */; };
		D849F09029F7CECE00E71BEF /* Preview Assets.xcassets in Resources */ = {isa = PBXBuildFile; fileRef = D849F08F29F7CECE00E71BEF /* Preview Assets.xcassets */; };
		D849F09229F7CECE00E71BEF /* Persistence.swift in Sources */ = {isa = PBXBuildFile; fileRef = D849F09129F7CECE00E71BEF /* Persistence.swift */; };
		D849F09529F7CECE00E71BEF /* EventWorkshopSwifitUI.xcdatamodeld in Sources */ = {isa = PBXBuildFile; fileRef = D849F09329F7CECE00E71BEF /* EventWorkshopSwifitUI.xcdatamodeld */; };
		D849F0A229F7D96900E71BEF /* HomeView.swift in Sources */ = {isa = PBXBuildFile; fileRef = D849F0A129F7D96900E71BEF /* HomeView.swift */; };
		D849F0A429F7D9B900E71BEF /* EventDetailView.swift in Sources */ = {isa = PBXBuildFile; fileRef = D849F0A329F7D9B900E71BEF /* EventDetailView.swift */; };
		D849F0A829F7DA0700E71BEF /* Consts.swift in Sources */ = {isa = PBXBuildFile; fileRef = D849F0A729F7DA0700E71BEF /* Consts.swift */; };
		D849F0AA29F7DA1200E71BEF /* Styles.swift in Sources */ = {isa = PBXBuildFile; fileRef = D849F0A929F7DA1200E71BEF /* Styles.swift */; };
		D849F0AC29F7DA7C00E71BEF /* Config.swift in Sources */ = {isa = PBXBuildFile; fileRef = D849F0AB29F7DA7C00E71BEF /* Config.swift */; };
		D849F0B329F7DDA300E71BEF /* AirbnbCereal_W_Bd.otf in Resources */ = {isa = PBXBuildFile; fileRef = D849F0AE29F7DDA300E71BEF /* AirbnbCereal_W_Bd.otf */; };
		D849F0B429F7DDA300E71BEF /* AirbnbCereal_W_Lt.otf in Resources */ = {isa = PBXBuildFile; fileRef = D849F0AF29F7DDA300E71BEF /* AirbnbCereal_W_Lt.otf */; };
		D849F0B529F7DDA300E71BEF /* AirbnbCereal_W_Blk.otf in Resources */ = {isa = PBXBuildFile; fileRef = D849F0B029F7DDA300E71BEF /* AirbnbCereal_W_Blk.otf */; };
		D849F0B629F7DDA300E71BEF /* AirbnbCereal_W_Bk.otf in Resources */ = {isa = PBXBuildFile; fileRef = D849F0B129F7DDA300E71BEF /* AirbnbCereal_W_Bk.otf */; };
		D849F0B729F7DDA300E71BEF /* AirbnbCereal_W_Md.otf in Resources */ = {isa = PBXBuildFile; fileRef = D849F0B229F7DDA300E71BEF /* AirbnbCereal_W_Md.otf */; };
/* End PBXBuildFile section */

/* Begin PBXFileReference section */
		D849F08529F7CECC00E71BEF /* EventWorkshopSwifitUI.app */ = {isa = PBXFileReference; explicitFileType = wrapper.application; includeInIndex = 0; path = EventWorkshopSwifitUI.app; sourceTree = BUILT_PRODUCTS_DIR; };
		D849F08829F7CECC00E71BEF /* EventWorkshopSwifitUIApp.swift */ = {isa = PBXFileReference; lastKnownFileType = sourcecode.swift; path = EventWorkshopSwifitUIApp.swift; sourceTree = "<group>"; };
		D849F08C29F7CECD00E71BEF /* Assets.xcassets */ = {isa = PBXFileReference; lastKnownFileType = folder.assetcatalog; path = Assets.xcassets; sourceTree = "<group>"; };
		D849F08F29F7CECE00E71BEF /* Preview Assets.xcassets */ = {isa = PBXFileReference; lastKnownFileType = folder.assetcatalog; path = "Preview Assets.xcassets"; sourceTree = "<group>"; };
		D849F09129F7CECE00E71BEF /* Persistence.swift */ = {isa = PBXFileReference; lastKnownFileType = sourcecode.swift; path = Persistence.swift; sourceTree = "<group>"; };
		D849F09429F7CECE00E71BEF /* EventWorkshopSwifitUI.xcdatamodel */ = {isa = PBXFileReference; lastKnownFileType = wrapper.xcdatamodel; path = EventWorkshopSwifitUI.xcdatamodel; sourceTree = "<group>"; };
		D849F0A129F7D96900E71BEF /* HomeView.swift */ = {isa = PBXFileReference; lastKnownFileType = sourcecode.swift; path = HomeView.swift; sourceTree = "<group>"; };
		D849F0A329F7D9B900E71BEF /* EventDetailView.swift */ = {isa = PBXFileReference; lastKnownFileType = sourcecode.swift; path = EventDetailView.swift; sourceTree = "<group>"; };
		D849F0A729F7DA0700E71BEF /* Consts.swift */ = {isa = PBXFileReference; lastKnownFileType = sourcecode.swift; path = Consts.swift; sourceTree = "<group>"; };
		D849F0A929F7DA1200E71BEF /* Styles.swift */ = {isa = PBXFileReference; lastKnownFileType = sourcecode.swift; path = Styles.swift; sourceTree = "<group>"; };
		D849F0AB29F7DA7C00E71BEF /* Config.swift */ = {isa = PBXFileReference; lastKnownFileType = sourcecode.swift; path = Config.swift; sourceTree = "<group>"; };
		D849F0AE29F7DDA300E71BEF /* AirbnbCereal_W_Bd.otf */ = {isa = PBXFileReference; lastKnownFileType = file; path = AirbnbCereal_W_Bd.otf; sourceTree = "<group>"; };
		D849F0AF29F7DDA300E71BEF /* AirbnbCereal_W_Lt.otf */ = {isa = PBXFileReference; lastKnownFileType = file; path = AirbnbCereal_W_Lt.otf; sourceTree = "<group>"; };
		D849F0B029F7DDA300E71BEF /* AirbnbCereal_W_Blk.otf */ = {isa = PBXFileReference; lastKnownFileType = file; path = AirbnbCereal_W_Blk.otf; sourceTree = "<group>"; };
		D849F0B129F7DDA300E71BEF /* AirbnbCereal_W_Bk.otf */ = {isa = PBXFileReference; lastKnownFileType = file; path = AirbnbCereal_W_Bk.otf; sourceTree = "<group>"; };
		D849F0B229F7DDA300E71BEF /* AirbnbCereal_W_Md.otf */ = {isa = PBXFileReference; lastKnownFileType = file; path = AirbnbCereal_W_Md.otf; sourceTree = "<group>"; };
		D849F0B829F7DDC600E71BEF /* Info.plist */ = {isa = PBXFileReference; lastKnownFileType = text.plist; path = Info.plist; sourceTree = "<group>"; };
/* End PBXFileReference section */

/* Begin PBXFrameworksBuildPhase section */
		D849F08229F7CECC00E71BEF /* Frameworks */ = {
			isa = PBXFrameworksBuildPhase;
			buildActionMask = 2147483647;
			files = (
			);
			runOnlyForDeploymentPostprocessing = 0;
		};
/* End PBXFrameworksBuildPhase section */

/* Begin PBXGroup section */
		D849F07C29F7CECC00E71BEF = {
			isa = PBXGroup;
			children = (
				D849F08729F7CECC00E71BEF /* EventWorkshopSwifitUI */,
				D849F08629F7CECC00E71BEF /* Products */,
			);
			sourceTree = "<group>";
		};
		D849F08629F7CECC00E71BEF /* Products */ = {
			isa = PBXGroup;
			children = (
				D849F08529F7CECC00E71BEF /* EventWorkshopSwifitUI.app */,
			);
			name = Products;
			sourceTree = "<group>";
		};
		D849F08729F7CECC00E71BEF /* EventWorkshopSwifitUI */ = {
			isa = PBXGroup;
			children = (
				D849F0B829F7DDC600E71BEF /* Info.plist */,
				D849F0AD29F7DBC700E71BEF /* fonts */,
				D849F0A629F7D9DC00E71BEF /* Utils */,
				D849F0A029F7D67100E71BEF /* Data */,
				D849F09F29F7D64400E71BEF /* ViewModels */,
				D849F09E29F7D60E00E71BEF /* Model */,
				D849F09D29F7D5F500E71BEF /* View */,
				D849F08829F7CECC00E71BEF /* EventWorkshopSwifitUIApp.swift */,
				D849F08C29F7CECD00E71BEF /* Assets.xcassets */,
				D849F09129F7CECE00E71BEF /* Persistence.swift */,
				D849F09329F7CECE00E71BEF /* EventWorkshopSwifitUI.xcdatamodeld */,
				D849F08E29F7CECE00E71BEF /* Preview Content */,
			);
			path = EventWorkshopSwifitUI;
			sourceTree = "<group>";
		};
		D849F08E29F7CECE00E71BEF /* Preview Content */ = {
			isa = PBXGroup;
			children = (
				D849F08F29F7CECE00E71BEF /* Preview Assets.xcassets */,
			);
			path = "Preview Content";
			sourceTree = "<group>";
		};
		D849F09D29F7D5F500E71BEF /* View */ = {
			isa = PBXGroup;
			children = (
				D849F0A529F7D9CF00E71BEF /* Widgets */,
				D849F0A129F7D96900E71BEF /* HomeView.swift */,
				D849F0A329F7D9B900E71BEF /* EventDetailView.swift */,
			);
			path = View;
			sourceTree = "<group>";
		};
		D849F09E29F7D60E00E71BEF /* Model */ = {
			isa = PBXGroup;
			children = (
			);
			path = Model;
			sourceTree = "<group>";
		};
		D849F09F29F7D64400E71BEF /* ViewModels */ = {
			isa = PBXGroup;
			children = (
			);
			path = ViewModels;
			sourceTree = "<group>";
		};
		D849F0A029F7D67100E71BEF /* Data */ = {
			isa = PBXGroup;
			children = (
			);
			path = Data;
			sourceTree = "<group>";
		};
		D849F0A529F7D9CF00E71BEF /* Widgets */ = {
			isa = PBXGroup;
			children = (
			);
			path = Widgets;
			sourceTree = "<group>";
		};
		D849F0A629F7D9DC00E71BEF /* Utils */ = {
			isa = PBXGroup;
			children = (
				D849F0A729F7DA0700E71BEF /* Consts.swift */,
				D849F0A929F7DA1200E71BEF /* Styles.swift */,
				D849F0AB29F7DA7C00E71BEF /* Config.swift */,
			);
			path = Utils;
			sourceTree = "<group>";
		};
		D849F0AD29F7DBC700E71BEF /* fonts */ = {
			isa = PBXGroup;
			children = (
				D849F0AE29F7DDA300E71BEF /* AirbnbCereal_W_Bd.otf */,
				D849F0B129F7DDA300E71BEF /* AirbnbCereal_W_Bk.otf */,
				D849F0B029F7DDA300E71BEF /* AirbnbCereal_W_Blk.otf */,
				D849F0AF29F7DDA300E71BEF /* AirbnbCereal_W_Lt.otf */,
				D849F0B229F7DDA300E71BEF /* AirbnbCereal_W_Md.otf */,
			);
			path = fonts;
			sourceTree = "<group>";
		};
/* End PBXGroup section */

/* Begin PBXNativeTarget section */
		D849F08429F7CECC00E71BEF /* EventWorkshopSwifitUI */ = {
			isa = PBXNativeTarget;
			buildConfigurationList = D849F09829F7CECE00E71BEF /* Build configuration list for PBXNativeTarget "EventWorkshopSwifitUI" */;
			buildPhases = (
				D849F08129F7CECC00E71BEF /* Sources */,
				D849F08229F7CECC00E71BEF /* Frameworks */,
				D849F08329F7CECC00E71BEF /* Resources */,
			);
			buildRules = (
			);
			dependencies = (
			);
			name = EventWorkshopSwifitUI;
			productName = EventWorkshopSwifitUI;
			productReference = D849F08529F7CECC00E71BEF /* EventWorkshopSwifitUI.app */;
			productType = "com.apple.product-type.application";
		};
/* End PBXNativeTarget section */

/* Begin PBXProject section */
		D849F07D29F7CECC00E71BEF /* Project object */ = {
			isa = PBXProject;
			attributes = {
				BuildIndependentTargetsInParallel = 1;
				LastSwiftUpdateCheck = 1430;
				LastUpgradeCheck = 1430;
				TargetAttributes = {
					D849F08429F7CECC00E71BEF = {
						CreatedOnToolsVersion = 14.3;
					};
				};
			};
			buildConfigurationList = D849F08029F7CECC00E71BEF /* Build configuration list for PBXProject "EventWorkshopSwifitUI" */;
			compatibilityVersion = "Xcode 14.0";
			developmentRegion = en;
			hasScannedForEncodings = 0;
			knownRegions = (
				en,
				Base,
			);
			mainGroup = D849F07C29F7CECC00E71BEF;
			productRefGroup = D849F08629F7CECC00E71BEF /* Products */;
			projectDirPath = "";
			projectRoot = "";
			targets = (
				D849F08429F7CECC00E71BEF /* EventWorkshopSwifitUI */,
			);
		};
/* End PBXProject section */

/* Begin PBXResourcesBuildPhase section */
		D849F08329F7CECC00E71BEF /* Resources */ = {
			isa = PBXResourcesBuildPhase;
			buildActionMask = 2147483647;
			files = (
				D849F0B629F7DDA300E71BEF /* AirbnbCereal_W_Bk.otf in Resources */,
				D849F0B729F7DDA300E71BEF /* AirbnbCereal_W_Md.otf in Resources */,
				D849F0B329F7DDA300E71BEF /* AirbnbCereal_W_Bd.otf in Resources */,
				D849F09029F7CECE00E71BEF /* Preview Assets.xcassets in Resources */,
				D849F08D29F7CECD00E71BEF /* Assets.xcassets in Resources */,
				D849F0B429F7DDA300E71BEF /* AirbnbCereal_W_Lt.otf in Resources */,
				D849F0B529F7DDA300E71BEF /* AirbnbCereal_W_Blk.otf in Resources */,
			);
			runOnlyForDeploymentPostprocessing = 0;
		};
/* End PBXResourcesBuildPhase section */

/* Begin PBXSourcesBuildPhase section */
		D849F08129F7CECC00E71BEF /* Sources */ = {
			isa = PBXSourcesBuildPhase;
			buildActionMask = 2147483647;
			files = (
				D849F09229F7CECE00E71BEF /* Persistence.swift in Sources */,
				D849F0AA29F7DA1200E71BEF /* Styles.swift in Sources */,
				D849F0A829F7DA0700E71BEF /* Consts.swift in Sources */,
				D849F0A429F7D9B900E71BEF /* EventDetailView.swift in Sources */,
				D849F09529F7CECE00E71BEF /* EventWorkshopSwifitUI.xcdatamodeld in Sources */,
				D849F0AC29F7DA7C00E71BEF /* Config.swift in Sources */,
				D849F0A229F7D96900E71BEF /* HomeView.swift in Sources */,
				D849F08929F7CECC00E71BEF /* EventWorkshopSwifitUIApp.swift in Sources */,
			);
			runOnlyForDeploymentPostprocessing = 0;
		};
/* End PBXSourcesBuildPhase section */

/* Begin XCBuildConfiguration section */
		D849F09629F7CECE00E71BEF /* Debug */ = {
			isa = XCBuildConfiguration;
			buildSettings = {
				ALWAYS_SEARCH_USER_PATHS = NO;
				CLANG_ANALYZER_NONNULL = YES;
				CLANG_ANALYZER_NUMBER_OBJECT_CONVERSION = YES_AGGRESSIVE;
				CLANG_CXX_LANGUAGE_STANDARD = "gnu++20";
				CLANG_ENABLE_MODULES = YES;
				CLANG_ENABLE_OBJC_ARC = YES;
				CLANG_ENABLE_OBJC_WEAK = YES;
				CLANG_WARN_BLOCK_CAPTURE_AUTORELEASING = YES;
				CLANG_WARN_BOOL_CONVERSION = YES;
				CLANG_WARN_COMMA = YES;
				CLANG_WARN_CONSTANT_CONVERSION = YES;
				CLANG_WARN_DEPRECATED_OBJC_IMPLEMENTATIONS = YES;
				CLANG_WARN_DIRECT_OBJC_ISA_USAGE = YES_ERROR;
				CLANG_WARN_DOCUMENTATION_COMMENTS = YES;
				CLANG_WARN_EMPTY_BODY = YES;
				CLANG_WARN_ENUM_CONVERSION = YES;
				CLANG_WARN_INFINITE_RECURSION = YES;
				CLANG_WARN_INT_CONVERSION = YES;
				CLANG_WARN_NON_LITERAL_NULL_CONVERSION = YES;
				CLANG_WARN_OBJC_IMPLICIT_RETAIN_SELF = YES;
				CLANG_WARN_OBJC_LITERAL_CONVERSION = YES;
				CLANG_WARN_OBJC_ROOT_CLASS = YES_ERROR;
				CLANG_WARN_QUOTED_INCLUDE_IN_FRAMEWORK_HEADER = YES;
				CLANG_WARN_RANGE_LOOP_ANALYSIS = YES;
				CLANG_WARN_STRICT_PROTOTYPES = YES;
				CLANG_WARN_SUSPICIOUS_MOVE = YES;
				CLANG_WARN_UNGUARDED_AVAILABILITY = YES_AGGRESSIVE;
				CLANG_WARN_UNREACHABLE_CODE = YES;
				CLANG_WARN__DUPLICATE_METHOD_MATCH = YES;
				COPY_PHASE_STRIP = NO;
				DEBUG_INFORMATION_FORMAT = dwarf;
				ENABLE_STRICT_OBJC_MSGSEND = YES;
				ENABLE_TESTABILITY = YES;
				GCC_C_LANGUAGE_STANDARD = gnu11;
				GCC_DYNAMIC_NO_PIC = NO;
				GCC_NO_COMMON_BLOCKS = YES;
				GCC_OPTIMIZATION_LEVEL = 0;
				GCC_PREPROCESSOR_DEFINITIONS = (
					"DEBUG=1",
					"$(inherited)",
				);
				GCC_WARN_64_TO_32_BIT_CONVERSION = YES;
				GCC_WARN_ABOUT_RETURN_TYPE = YES_ERROR;
				GCC_WARN_UNDECLARED_SELECTOR = YES;
				GCC_WARN_UNINITIALIZED_AUTOS = YES_AGGRESSIVE;
				GCC_WARN_UNUSED_FUNCTION = YES;
				GCC_WARN_UNUSED_VARIABLE = YES;
				IPHONEOS_DEPLOYMENT_TARGET = 16.4;
				MTL_ENABLE_DEBUG_INFO = INCLUDE_SOURCE;
				MTL_FAST_MATH = YES;
				ONLY_ACTIVE_ARCH = YES;
				SDKROOT = iphoneos;
				SWIFT_ACTIVE_COMPILATION_CONDITIONS = DEBUG;
				SWIFT_OPTIMIZATION_LEVEL = "-Onone";
			};
			name = Debug;
		};
		D849F09729F7CECE00E71BEF /* Release */ = {
			isa = XCBuildConfiguration;
			buildSettings = {
				ALWAYS_SEARCH_USER_PATHS = NO;
				CLANG_ANALYZER_NONNULL = YES;
				CLANG_ANALYZER_NUMBER_OBJECT_CONVERSION = YES_AGGRESSIVE;
				CLANG_CXX_LANGUAGE_STANDARD = "gnu++20";
				CLANG_ENABLE_MODULES = YES;
				CLANG_ENABLE_OBJC_ARC = YES;
				CLANG_ENABLE_OBJC_WEAK = YES;
				CLANG_WARN_BLOCK_CAPTURE_AUTORELEASING = YES;
				CLANG_WARN_BOOL_CONVERSION = YES;
				CLANG_WARN_COMMA = YES;
				CLANG_WARN_CONSTANT_CONVERSION = YES;
				CLANG_WARN_DEPRECATED_OBJC_IMPLEMENTATIONS = YES;
				CLANG_WARN_DIRECT_OBJC_ISA_USAGE = YES_ERROR;
				CLANG_WARN_DOCUMENTATION_COMMENTS = YES;
				CLANG_WARN_EMPTY_BODY = YES;
				CLANG_WARN_ENUM_CONVERSION = YES;
				CLANG_WARN_INFINITE_RECURSION = YES;
				CLANG_WARN_INT_CONVERSION = YES;
				CLANG_WARN_NON_LITERAL_NULL_CONVERSION = YES;
				CLANG_WARN_OBJC_IMPLICIT_RETAIN_SELF = YES;
				CLANG_WARN_OBJC_LITERAL_CONVERSION = YES;
				CLANG_WARN_OBJC_ROOT_CLASS = YES_ERROR;
				CLANG_WARN_QUOTED_INCLUDE_IN_FRAMEWORK_HEADER = YES;
				CLANG_WARN_RANGE_LOOP_ANALYSIS = YES;
				CLANG_WARN_STRICT_PROTOTYPES = YES;
				CLANG_WARN_SUSPICIOUS_MOVE = YES;
				CLANG_WARN_UNGUARDED_AVAILABILITY = YES_AGGRESSIVE;
				CLANG_WARN_UNREACHABLE_CODE = YES;
				CLANG_WARN__DUPLICATE_METHOD_MATCH = YES;
				COPY_PHASE_STRIP = NO;
				DEBUG_INFORMATION_FORMAT = "dwarf-with-dsym";
				ENABLE_NS_ASSERTIONS = NO;
				ENABLE_STRICT_OBJC_MSGSEND = YES;
				GCC_C_LANGUAGE_STANDARD = gnu11;
				GCC_NO_COMMON_BLOCKS = YES;
				GCC_WARN_64_TO_32_BIT_CONVERSION = YES;
				GCC_WARN_ABOUT_RETURN_TYPE = YES_ERROR;
				GCC_WARN_UNDECLARED_SELECTOR = YES;
				GCC_WARN_UNINITIALIZED_AUTOS = YES_AGGRESSIVE;
				GCC_WARN_UNUSED_FUNCTION = YES;
				GCC_WARN_UNUSED_VARIABLE = YES;
				IPHONEOS_DEPLOYMENT_TARGET = 16.4;
				MTL_ENABLE_DEBUG_INFO = NO;
				MTL_FAST_MATH = YES;
				SDKROOT = iphoneos;
				SWIFT_COMPILATION_MODE = wholemodule;
				SWIFT_OPTIMIZATION_LEVEL = "-O";
				VALIDATE_PRODUCT = YES;
			};
			name = Release;
		};
		D849F09929F7CECE00E71BEF /* Debug */ = {
			isa = XCBuildConfiguration;
			buildSettings = {
				ASSETCATALOG_COMPILER_APPICON_NAME = AppIcon;
				ASSETCATALOG_COMPILER_GLOBAL_ACCENT_COLOR_NAME = AccentColor;
				CODE_SIGN_STYLE = Automatic;
				CURRENT_PROJECT_VERSION = 1;
				DEVELOPMENT_ASSET_PATHS = "\"EventWorkshopSwifitUI/Preview Content\"";
				ENABLE_PREVIEWS = YES;
				GENERATE_INFOPLIST_FILE = YES;
				INFOPLIST_FILE = EventWorkshopSwifitUI/Info.plist;
				INFOPLIST_KEY_UIApplicationSceneManifest_Generation = YES;
				INFOPLIST_KEY_UIApplicationSupportsIndirectInputEvents = YES;
				INFOPLIST_KEY_UILaunchScreen_Generation = YES;
				INFOPLIST_KEY_UISupportedInterfaceOrientations_iPad = "UIInterfaceOrientationPortrait UIInterfaceOrientationPortraitUpsideDown UIInterfaceOrientationLandscapeLeft UIInterfaceOrientationLandscapeRight";
				INFOPLIST_KEY_UISupportedInterfaceOrientations_iPhone = "UIInterfaceOrientationPortrait UIInterfaceOrientationLandscapeLeft UIInterfaceOrientationLandscapeRight";
				LD_RUNPATH_SEARCH_PATHS = (
					"$(inherited)",
					"@executable_path/Frameworks",
				);
				MARKETING_VERSION = 1.0;
				PRODUCT_BUNDLE_IDENTIFIER = com.EventWorkshopSwifitUI;
				PRODUCT_NAME = "$(TARGET_NAME)";
				SWIFT_EMIT_LOC_STRINGS = YES;
				SWIFT_VERSION = 5.0;
				TARGETED_DEVICE_FAMILY = "1,2";
			};
			name = Debug;
		};
		D849F09A29F7CECE00E71BEF /* Release */ = {
			isa = XCBuildConfiguration;
			buildSettings = {
				ASSETCATALOG_COMPILER_APPICON_NAME = AppIcon;
				ASSETCATALOG_COMPILER_GLOBAL_ACCENT_COLOR_NAME = AccentColor;
				CODE_SIGN_STYLE = Automatic;
				CURRENT_PROJECT_VERSION = 1;
				DEVELOPMENT_ASSET_PATHS = "\"EventWorkshopSwifitUI/Preview Content\"";
				ENABLE_PREVIEWS = YES;
				GENERATE_INFOPLIST_FILE = YES;
				INFOPLIST_FILE = EventWorkshopSwifitUI/Info.plist;
				INFOPLIST_KEY_UIApplicationSceneManifest_Generation = YES;
				INFOPLIST_KEY_UIApplicationSupportsIndirectInputEvents = YES;
				INFOPLIST_KEY_UILaunchScreen_Generation = YES;
				INFOPLIST_KEY_UISupportedInterfaceOrientations_iPad = "UIInterfaceOrientationPortrait UIInterfaceOrientationPortraitUpsideDown UIInterfaceOrientationLandscapeLeft UIInterfaceOrientationLandscapeRight";
				INFOPLIST_KEY_UISupportedInterfaceOrientations_iPhone = "UIInterfaceOrientationPortrait UIInterfaceOrientationLandscapeLeft UIInterfaceOrientationLandscapeRight";
				LD_RUNPATH_SEARCH_PATHS = (
					"$(inherited)",
					"@executable_path/Frameworks",
				);
				MARKETING_VERSION = 1.0;
				PRODUCT_BUNDLE_IDENTIFIER = com.EventWorkshopSwifitUI;
				PRODUCT_NAME = "$(TARGET_NAME)";
				SWIFT_EMIT_LOC_STRINGS = YES;
				SWIFT_VERSION = 5.0;
				TARGETED_DEVICE_FAMILY = "1,2";
			};
			name = Release;
		};
/* End XCBuildConfiguration section */

/* Begin XCConfigurationList section */
		D849F08029F7CECC00E71BEF /* Build configuration list for PBXProject "EventWorkshopSwifitUI" */ = {
			isa = XCConfigurationList;
			buildConfigurations = (
				D849F09629F7CECE00E71BEF /* Debug */,
				D849F09729F7CECE00E71BEF /* Release */,
			);
			defaultConfigurationIsVisible = 0;
			defaultConfigurationName = Release;
		};
		D849F09829F7CECE00E71BEF /* Build configuration list for PBXNativeTarget "EventWorkshopSwifitUI" */ = {
			isa = XCConfigurationList;
			buildConfigurations = (
				D849F09929F7CECE00E71BEF /* Debug */,
				D849F09A29F7CECE00E71BEF /* Release */,
			);
			defaultConfigurationIsVisible = 0;
			defaultConfigurationName = Release;
		};
/* End XCConfigurationList section */

/* Begin XCVersionGroup section */
		D849F09329F7CECE00E71BEF /* EventWorkshopSwifitUI.xcdatamodeld */ = {
			isa = XCVersionGroup;
			children = (
				D849F09429F7CECE00E71BEF /* EventWorkshopSwifitUI.xcdatamodel */,
			);
			currentVersion = D849F09429F7CECE00E71BEF /* EventWorkshopSwifitUI.xcdatamodel */;
			path = EventWorkshopSwifitUI.xcdatamodeld;
			sourceTree = "<group>";
			versionGroupType = wrapper.xcdatamodel;
		};
/* End XCVersionGroup section */
	};
	rootObject = D849F07D29F7CECC00E71BEF /* Project object */;
}
